
Microsoft Visual Studio Solution File, Format Version 12.00
# Visual Studio Version 17
VisualStudioVersion = 17.11.35222.181
MinimumVisualStudioVersion = 10.0.40219.1
Project("{FAE04EC0-301F-11D3-BF4B-00C04F79EFBC}") = "Hastane_Yonetim_ve_Randevu", "Hastane_Yonetim_ve_Randevu\Hastane_Yonetim_ve_Randevu.csproj", "{0B39B89F-91C0-4176-AFE0-3513F37801AD}"
EndProject
Global
	GlobalSection(SolutionConfigurationPlatforms) = preSolution
		Debug|Any CPU = Debug|Any CPU
		Release|Any CPU = Release|Any CPU
	EndGlobalSection
	GlobalSection(ProjectConfigurationPlatforms) = postSolution
		{0B39B89F-91C0-4176-AFE0-3513F37801AD}.Debug|Any CPU.ActiveCfg = Debug|Any CPU
		{0B39B89F-91C0-4176-AFE0-3513F37801AD}.Debug|Any CPU.Build.0 = Debug|Any CPU
		{0B39B89F-91C0-4176-AFE0-3513F37801AD}.Release|Any CPU.ActiveCfg = Release|Any CPU
		{0B39B89F-91C0-4176-AFE0-3513F37801AD}.Release|Any CPU.Build.0 = Release|Any CPU
	EndGlobalSection
	GlobalSection(SolutionProperties) = preSolution
		HideSolutionNode = FALSE
	EndGlobalSection
	GlobalSection(ExtensibilityGlobals) = postSolution
		SolutionGuid = {BA951ADA-9823-4A28-96FE-66887B6A6558}
	EndGlobalSection
EndGlobal
